
Microsoft Visual Studio Solution File, Format Version 12.00
# Visual Studio Version 16
VisualStudioVersion = 16.0.31112.23
MinimumVisualStudioVersion = 10.0.40219.1
Project("{FAE04EC0-301F-11D3-BF4B-00C04F79EFBC}") = "B21_Ex01_1", "B21_Ex01_1\B21_Ex01_1.csproj", "{6EFB6AF6-631F-4D89-BB04-8ECD7CD9E676}"
EndProject
Global
	GlobalSection(SolutionConfigurationPlatforms) = preSolution
		Debug|Any CPU = Debug|Any CPU
		Release|Any CPU = Release|Any CPU
	EndGlobalSection
	GlobalSection(ProjectConfigurationPlatforms) = postSolution
		{6EFB6AF6-631F-4D89-BB04-8ECD7CD9E676}.Debug|Any CPU.ActiveCfg = Debug|Any CPU
		{6EFB6AF6-631F-4D89-BB04-8ECD7CD9E676}.Debug|Any CPU.Build.0 = Debug|Any CPU
		{6EFB6AF6-631F-4D89-BB04-8ECD7CD9E676}.Release|Any CPU.ActiveCfg = Release|Any CPU
		{6EFB6AF6-631F-4D89-BB04-8ECD7CD9E676}.Release|Any CPU.Build.0 = Release|Any CPU
	EndGlobalSection
	GlobalSection(SolutionProperties) = preSolution
		HideSolutionNode = FALSE
	EndGlobalSection
	GlobalSection(ExtensibilityGlobals) = postSolution
		SolutionGuid = {2B80510B-7322-418B-90AF-A6EA9CAB7C74}
	EndGlobalSection
EndGlobal
