
Microsoft Visual Studio Solution File, Format Version 12.00
# Visual Studio Version 16
VisualStudioVersion = 16.0.31112.23
MinimumVisualStudioVersion = 10.0.40219.1
Project("{FAE04EC0-301F-11D3-BF4B-00C04F79EFBC}") = "B21_Ex01_1", "B21_Ex01_1\B21_Ex01_1.csproj", "{11BBD032-CBAB-4934-A025-3BEAC44999E9}"
EndProject
Project("{FAE04EC0-301F-11D3-BF4B-00C04F79EFBC}") = "B21_Ex01_6", "B21_Ex01_6\B21_Ex01_6.csproj", "{72B580C5-8397-4B50-A6E6-4464FB550B1C}"
EndProject
Project("{FAE04EC0-301F-11D3-BF4B-00C04F79EFBC}") = "B21_Ex01_4", "B21_Ex01_4\B21_Ex01_4.csproj", "{CCEAAF74-8E1D-430D-9163-A5485B0FB9FC}"
EndProject
Project("{FAE04EC0-301F-11D3-BF4B-00C04F79EFBC}") = "B21_Ex01_2", "B21_Ex01_2\B21_Ex01_2.csproj", "{68263BE9-D4F4-45D3-8B7E-0E86BA2303D1}"
EndProject
Global
	GlobalSection(SolutionConfigurationPlatforms) = preSolution
		Debug|Any CPU = Debug|Any CPU
		Release|Any CPU = Release|Any CPU
	EndGlobalSection
	GlobalSection(ProjectConfigurationPlatforms) = postSolution
		{11BBD032-CBAB-4934-A025-3BEAC44999E9}.Debug|Any CPU.ActiveCfg = Debug|Any CPU
		{11BBD032-CBAB-4934-A025-3BEAC44999E9}.Debug|Any CPU.Build.0 = Debug|Any CPU
		{11BBD032-CBAB-4934-A025-3BEAC44999E9}.Release|Any CPU.ActiveCfg = Release|Any CPU
		{11BBD032-CBAB-4934-A025-3BEAC44999E9}.Release|Any CPU.Build.0 = Release|Any CPU
		{72B580C5-8397-4B50-A6E6-4464FB550B1C}.Debug|Any CPU.ActiveCfg = Debug|Any CPU
		{72B580C5-8397-4B50-A6E6-4464FB550B1C}.Debug|Any CPU.Build.0 = Debug|Any CPU
		{72B580C5-8397-4B50-A6E6-4464FB550B1C}.Release|Any CPU.ActiveCfg = Release|Any CPU
		{72B580C5-8397-4B50-A6E6-4464FB550B1C}.Release|Any CPU.Build.0 = Release|Any CPU
		{CCEAAF74-8E1D-430D-9163-A5485B0FB9FC}.Debug|Any CPU.ActiveCfg = Debug|Any CPU
		{CCEAAF74-8E1D-430D-9163-A5485B0FB9FC}.Debug|Any CPU.Build.0 = Debug|Any CPU
		{CCEAAF74-8E1D-430D-9163-A5485B0FB9FC}.Release|Any CPU.ActiveCfg = Release|Any CPU
		{CCEAAF74-8E1D-430D-9163-A5485B0FB9FC}.Release|Any CPU.Build.0 = Release|Any CPU
		{68263BE9-D4F4-45D3-8B7E-0E86BA2303D1}.Debug|Any CPU.ActiveCfg = Debug|Any CPU
		{68263BE9-D4F4-45D3-8B7E-0E86BA2303D1}.Debug|Any CPU.Build.0 = Debug|Any CPU
		{68263BE9-D4F4-45D3-8B7E-0E86BA2303D1}.Release|Any CPU.ActiveCfg = Release|Any CPU
		{68263BE9-D4F4-45D3-8B7E-0E86BA2303D1}.Release|Any CPU.Build.0 = Release|Any CPU
	EndGlobalSection
	GlobalSection(SolutionProperties) = preSolution
		HideSolutionNode = FALSE
	EndGlobalSection
	GlobalSection(ExtensibilityGlobals) = postSolution
		SolutionGuid = {6C172C7E-82B0-4B10-9B47-4ED917BE3F03}
	EndGlobalSection
EndGlobal
